{
  "version": 1,
  "dependencies": {
    "net10.0": {
      "Microsoft.AspNetCore.Identity.EntityFrameworkCore": {
        "type": "Direct",
        "requested": "[9.*, )",
        "resolved": "9.0.17",
        "contentHash": "oG5Q0O1TB2W7R8za8uy7FGo7reAT1M3apyOplHnfSYYrULEEDlb5zAIU3OCDaptnGF1rLejpt54mHVcVHwRuvw==",
        "dependencies": {
          "Microsoft.EntityFrameworkCore.Relational": "9.0.17",
          "Microsoft.Extensions.Identity.Stores": "9.0.17"
        }
      },
      "Microsoft.EntityFrameworkCore": {
        "type": "Direct",
        "requested": "[9.*, )",
        "resolved": "9.0.17",
        "contentHash": "kO/7c4yuzq52eESWTtNQg2lSAouw4w/pZvOPGNNbPgAjlM3nl5Ggp51lWJhBQtZIAveX7TCmZ4DFePmcnDy9ag==",
        "dependencies": {
          "Microsoft.EntityFrameworkCore.Abstractions": "9.0.17",
          "Microsoft.EntityFrameworkCore.Analyzers": "9.0.17",
          "Microsoft.Extensions.Caching.Memory": "9.0.17",
          "Microsoft.Extensions.Logging": "9.0.17"
        }
      },
      "Npgsql.EntityFrameworkCore.PostgreSQL": {
        "type": "Direct",
        "requested": "[9.*, )",
        "resolved": "9.0.4",
        "contentHash": "mw5vcY2IEc7L+IeGrxpp/J5OSnCcjkjAgJYCm/eD52wpZze8zsSifdqV7zXslSMmfJG2iIUGZyo3KuDtEFKwMQ==",
        "dependencies": {
          "Microsoft.EntityFrameworkCore": "[9.0.1, 10.0.0)",
          "Microsoft.EntityFrameworkCore.Relational": "[9.0.1, 10.0.0)",
          "Npgsql": "9.0.3"
        }
      },
      "Pgvector.EntityFrameworkCore": {
        "type": "Direct",
        "requested": "[0.3.0, )",
        "resolved": "0.3.0",
        "contentHash": "HVMcglKLOg979w67k8DOvKO+xJvfBHv/GcAgv/fI8alK8zp9oIYJUYP9BSV6n6+3GwkfynAJ77euwow4/c7HoA==",
        "dependencies": {
          "Npgsql.EntityFrameworkCore.PostgreSQL": "9.0.1",
          "Pgvector": "0.3.2"
        }
      },
      "Microsoft.AspNetCore.Cryptography.Internal": {
        "type": "Transitive",
        "resolved": "9.0.17",
        "contentHash": "UKuymCdJpjZAgs+YX5ktYcqXQnN3dKj5YSRdnST/FNRitCAc7fwkQ+b/dFfFeZUhMmDpZ3M8wW7xQjSKFCujtw=="
      },
      "Microsoft.AspNetCore.Cryptography.KeyDerivation": {
        "type": "Transitive",
        "resolved": "9.0.17",
        "contentHash": "ej86T2OaMfLuXdzscMRnI6M4fIUfLWZZAYj0pN4spc+LJaqsMs6XXwdBGCHUAm7jJtfx00LxafslHmWfxtEEkw==",
        "dependencies": {
          "Microsoft.AspNetCore.Cryptography.Internal": "9.0.17"
        }
      },
      "Microsoft.EntityFrameworkCore.Abstractions": {
        "type": "Transitive",
        "resolved": "9.0.17",
        "contentHash": "sTFeqfHXyNdAoE/WLQN/3srHgs9rM4QKfiQMwHW63Jl62g05f6wmhsJqqvyRNli7GrUsgUi4exsNe0tH4h2jvw=="
      },
      "Microsoft.EntityFrameworkCore.Analyzers": {
        "type": "Transitive",
        "resolved": "9.0.17",
        "contentHash": "gse+9T6mdDXnY6Cn8jtq/uCUZt8P3iZ5DHxNbVxQPEZa6iNL6tc4VDqqYYhwzpoZp08CYvYWhR26HNxUUvTTBw=="
      },
      "Microsoft.EntityFrameworkCore.Relational": {
        "type": "Transitive",
        "resolved": "9.0.17",
        "contentHash": "oOsu2/68Xed8YlSwoRJPuQJjPCgChLeZ9XmWI8dQRyqC/CxILirQo3hpub+hQDJ9f9z2u0d8DqvzR86TOnfdkg==",
        "dependencies": {
          "Microsoft.EntityFrameworkCore": "9.0.17",
          "Microsoft.Extensions.Caching.Memory": "9.0.17",
          "Microsoft.Extensions.Configuration.Abstractions": "9.0.17",
          "Microsoft.Extensions.Logging": "9.0.17"
        }
      },
      "Microsoft.Extensions.Caching.Abstractions": {
        "type": "Transitive",
        "resolved": "9.0.17",
        "contentHash": "Qye4QW5qfMtKETNeprziwg0qvPde+9RW8hIdIFn/NGOG+HFCeoa6ZAYDQOAkTqzgrsBCz9HWaJmC0B+F1mFHFA==",
        "dependencies": {
          "Microsoft.Extensions.Primitives": "9.0.17"
        }
      },
      "Microsoft.Extensions.Caching.Memory": {
        "type": "Transitive",
        "resolved": "9.0.17",
        "contentHash": "S+hC0Xj9LTHpQtY8AoT7+lIgK1wEfIFYUO9+Y5FHKrGgpsgukcJ1SgdQuXgv5lnM0R0vupxXK+JTYzVX/PYhoA==",
        "dependencies": {
          "Microsoft.Extensions.Caching.Abstractions": "9.0.17",
          "Microsoft.Extensions.DependencyInjection.Abstractions": "9.0.17",
          "Microsoft.Extensions.Logging.Abstractions": "9.0.17",
          "Microsoft.Extensions.Options": "9.0.17",
          "Microsoft.Extensions.Primitives": "9.0.17"
        }
      },
      "Microsoft.Extensions.Configuration.Abstractions": {
        "type": "Transitive",
        "resolved": "9.0.17",
        "contentHash": "z67yRM/b3DoKw8Nji5S9mnrtTsNqi9Mi9szlsz2kArkmvmMl9G5ctH5e/DGCEkMS4xgAhRI2C99jrjR9na+atQ==",
        "dependencies": {
          "Microsoft.Extensions.Primitives": "9.0.17"
        }
      },
      "Microsoft.Extensions.DependencyInjection": {
        "type": "Transitive",
        "resolved": "9.0.17",
        "contentHash": "rEx48tbgwf2oIYi3g3kj2oUV6gWqrASaYD/lmTu7fOPOdQh4/c/lTCHQpSwndI4fElsrZTXGTLjjmTJ8Qn3a6w==",
        "dependencies": {
          "Microsoft.Extensions.DependencyInjection.Abstractions": "9.0.17"
        }
      },
      "Microsoft.Extensions.DependencyInjection.Abstractions": {
        "type": "Transitive",
        "resolved": "9.0.17",
        "contentHash": "/Oy6N+l6aBqKKnjpBhH2MSzzKV+UbjDELuk/OkwJW0auMqWZm14aK7n+QGjscH7JosoI1ChTWf4utUGEA6m2RA=="
      },
      "Microsoft.Extensions.Identity.Core": {
        "type": "Transitive",
        "resolved": "9.0.17",
        "contentHash": "/Om94PqCVTOuM5uT7HfslapHWQOowUV7baL3D93HM39/CekcYm8KbCQMuKXF8k8HrKYLtRyc6l5n8oG2hawKzQ==",
        "dependencies": {
          "Microsoft.AspNetCore.Cryptography.KeyDerivation": "9.0.17",
          "Microsoft.Extensions.Logging": "9.0.17",
          "Microsoft.Extensions.Options": "9.0.17"
        }
      },
      "Microsoft.Extensions.Identity.Stores": {
        "type": "Transitive",
        "resolved": "9.0.17",
        "contentHash": "jB3StwDW4K2Otk6+vAXwZgQ1QKxSr6gVz+wutAIV9wFoN8023YOZjKXa+O7pKEwLnV4QQ7H91qcW753iuSH/iQ==",
        "dependencies": {
          "Microsoft.Extensions.Caching.Abstractions": "9.0.17",
          "Microsoft.Extensions.Identity.Core": "9.0.17",
          "Microsoft.Extensions.Logging": "9.0.17"
        }
      },
      "Microsoft.Extensions.Logging": {
        "type": "Transitive",
        "resolved": "9.0.17",
        "contentHash": "AVSl8TzLNiNA2CbDAdVH3qGIwY3SB3XCw7MebMnFRTF4L/BQTdvcknLTiRlJaJULMKaf3JecYiUjB6LbWAtt+g==",
        "dependencies": {
          "Microsoft.Extensions.DependencyInjection": "9.0.17",
          "Microsoft.Extensions.Logging.Abstractions": "9.0.17",
          "Microsoft.Extensions.Options": "9.0.17"
        }
      },
      "Microsoft.Extensions.Logging.Abstractions": {
        "type": "Transitive",
        "resolved": "9.0.17",
        "contentHash": "b1onT7ZvIrpkQ9swhLqSuj1eKvOtElXig2tk7b3ckBfXUu//Y6P7rzz15qTW0SCyYqanoflPYNQ76kqGutQ3iw==",
        "dependencies": {
          "Microsoft.Extensions.DependencyInjection.Abstractions": "9.0.17"
        }
      },
      "Microsoft.Extensions.Options": {
        "type": "Transitive",
        "resolved": "9.0.17",
        "contentHash": "+UNeX4y+YJ4CNzwKy8Gf2pOo2++CGFLHFha9QbzUrsutLVne6O8CD+Khz9aWuSkm+l4Wzqa7+qhyC1OGENuQ6g==",
        "dependencies": {
          "Microsoft.Extensions.DependencyInjection.Abstractions": "9.0.17",
          "Microsoft.Extensions.Primitives": "9.0.17"
        }
      },
      "Microsoft.Extensions.Primitives": {
        "type": "Transitive",
        "resolved": "9.0.17",
        "contentHash": "WBjZ/zeb6PyCLT6lpGSzNtdMyRDloFSPqjY9kIGb5rdSng03rd0+ix/jDEYU6DUjE7JVLuhggXeMONVBxBHEXg=="
      },
      "Npgsql": {
        "type": "Transitive",
        "resolved": "9.0.3",
        "contentHash": "tPvY61CxOAWxNsKLEBg+oR646X4Bc8UmyQ/tJszL/7mEmIXQnnBhVJZrZEEUv0Bstu0mEsHZD5At3EO8zQRAYw==",
        "dependencies": {
          "Microsoft.Extensions.Logging.Abstractions": "8.0.2"
        }
      },
      "Pgvector": {
        "type": "Transitive",
        "resolved": "0.3.2",
        "contentHash": "n7M5LuNejHUmtWky3zCbNO+tP1Gnjiuv9Qtu4LyvB1602dD8RiBxxCQp9jEjM0ZFDxAZF1oOWkNIkXw46KT00Q==",
        "dependencies": {
          "Npgsql": "8.0.5"
        }
      }
    }
  }
}